Microsoft Visual Studio Solution File, Format Version 12.00
# Visual Studio 2012
Project("{FAE04EC0-301F-11D3-BF4B-00C04F79EFBC}") = "My First Game", "My First Game.csproj", "{7C21695E-EA10-454D-B32B-FFEB7992ECCD}"
EndProject
Global
	GlobalSection(SolutionConfigurationPlatforms) = preSolution
	Debug|Any CPU = Debug|Any CPU
	ExportDebug|Any CPU = ExportDebug|Any CPU
	ExportRelease|Any CPU = ExportRelease|Any CPU
	EndGlobalSection
	GlobalSection(ProjectConfigurationPlatforms) = postSolution
		{7C21695E-EA10-454D-B32B-FFEB7992ECCD}.Debug|Any CPU.ActiveCfg = Debug|Any CPU
		{7C21695E-EA10-454D-B32B-FFEB7992ECCD}.Debug|Any CPU.Build.0 = Debug|Any CPU
		{7C21695E-EA10-454D-B32B-FFEB7992ECCD}.ExportDebug|Any CPU.ActiveCfg = ExportDebug|Any CPU
		{7C21695E-EA10-454D-B32B-FFEB7992ECCD}.ExportDebug|Any CPU.Build.0 = ExportDebug|Any CPU
		{7C21695E-EA10-454D-B32B-FFEB7992ECCD}.ExportRelease|Any CPU.ActiveCfg = ExportRelease|Any CPU
		{7C21695E-EA10-454D-B32B-FFEB7992ECCD}.ExportRelease|Any CPU.Build.0 = ExportRelease|Any CPU
	EndGlobalSection
EndGlobal
